
Microsoft Visual Studio Solution File, Format Version 12.00
# Visual Studio Version 17
VisualStudioVersion = 17.3.32929.385
MinimumVisualStudioVersion = 10.0.40219.1
Project("{FAE04EC0-301F-11D3-BF4B-00C04F79EFBC}") = "AutoOA.UI", "AutoOA.UI\AutoOA.UI.csproj", "{C36DFC6F-B87C-4064-BAA7-52F5471B627E}"
EndProject
Global
	GlobalSection(SolutionConfigurationPlatforms) = preSolution
		Debug|Any CPU = Debug|Any CPU
		Release|Any CPU = Release|Any CPU
	EndGlobalSection
	GlobalSection(ProjectConfigurationPlatforms) = postSolution
		{C36DFC6F-B87C-4064-BAA7-52F5471B627E}.Debug|Any CPU.ActiveCfg = Debug|Any CPU
		{C36DFC6F-B87C-4064-BAA7-52F5471B627E}.Debug|Any CPU.Build.0 = Debug|Any CPU
		{C36DFC6F-B87C-4064-BAA7-52F5471B627E}.Release|Any CPU.ActiveCfg = Release|Any CPU
		{C36DFC6F-B87C-4064-BAA7-52F5471B627E}.Release|Any CPU.Build.0 = Release|Any CPU
	EndGlobalSection
	GlobalSection(SolutionProperties) = preSolution
		HideSolutionNode = FALSE
	EndGlobalSection
	GlobalSection(ExtensibilityGlobals) = postSolution
		SolutionGuid = {549D1185-4602-4C80-BC58-254099086012}
	EndGlobalSection
EndGlobal
